
Microsoft Visual Studio Solution File, Format Version 12.00
# Visual Studio Version 16
VisualStudioVersion = 16.0.31005.135
MinimumVisualStudioVersion = 10.0.40219.1
Project("{FAE04EC0-301F-11D3-BF4B-00C04F79EFBC}") = "ClassMetotDemo", "ClassMetotDemo\ClassMetotDemo.csproj", "{405C9FEC-9CD3-40AB-888F-04F87BF1EB39}"
EndProject
Global
	GlobalSection(SolutionConfigurationPlatforms) = preSolution
		Debug|Any CPU = Debug|Any CPU
		Release|Any CPU = Release|Any CPU
	EndGlobalSection
	GlobalSection(ProjectConfigurationPlatforms) = postSolution
		{405C9FEC-9CD3-40AB-888F-04F87BF1EB39}.Debug|Any CPU.ActiveCfg = Debug|Any CPU
		{405C9FEC-9CD3-40AB-888F-04F87BF1EB39}.Debug|Any CPU.Build.0 = Debug|Any CPU
		{405C9FEC-9CD3-40AB-888F-04F87BF1EB39}.Release|Any CPU.ActiveCfg = Release|Any CPU
		{405C9FEC-9CD3-40AB-888F-04F87BF1EB39}.Release|Any CPU.Build.0 = Release|Any CPU
	EndGlobalSection
	GlobalSection(SolutionProperties) = preSolution
		HideSolutionNode = FALSE
	EndGlobalSection
	GlobalSection(ExtensibilityGlobals) = postSolution
		SolutionGuid = {6DC48A1F-AC0E-4BCA-8733-8C848E69AC79}
	EndGlobalSection
EndGlobal
